{
    "name": "lingano-fullstack",
    "version": "1.0.0",
    "lockfileVersion": 3,
    "requires": true,
    "packages": {
        "": {
            "name": "lingano-fullstack",
            "version": "1.0.0",
            "dependencies": {
                "lingano-fullstack": "file:"
            },
            "engines": {
                "node": ">=16.0.0 <19.0.0",
                "npm": ">=8.x"
            }
        },
        "node_modules/lingano-fullstack": {
            "resolved": "",
            "link": true
        }
    }
}
